// !$*UTF8*$!
{
	archiveVersion = 1;
	classes = {
	};
	objectVersion = 46;
	objects = {

/* Begin PBXBuildFile section */
		1A75A8ED69F6255A8535172F /* Pods_check_in.framework in Frameworks */ = {isa = PBXBuildFile; fileRef = EE428BBEF5628CA19D76493D /* Pods_check_in.framework */; };
		C904DEEF1D63E35F00BAF1F4 /* DashboardCell.swift in Sources */ = {isa = PBXBuildFile; fileRef = C904DEEE1D63E35F00BAF1F4 /* DashboardCell.swift */; };
		C905001B1D5EA5360027DBAE /* AppDelegate.swift in Sources */ = {isa = PBXBuildFile; fileRef = C905001A1D5EA5360027DBAE /* AppDelegate.swift */; };
		C905001D1D5EA5360027DBAE /* EventsViewController.swift in Sources */ = {isa = PBXBuildFile; fileRef = C905001C1D5EA5360027DBAE /* EventsViewController.swift */; };
		C905001F1D5EA5360027DBAE /* SettingsViewController.swift in Sources */ = {isa = PBXBuildFile; fileRef = C905001E1D5EA5360027DBAE /* SettingsViewController.swift */; };
		C90500221D5EA5360027DBAE /* Main.storyboard in Resources */ = {isa = PBXBuildFile; fileRef = C90500201D5EA5360027DBAE /* Main.storyboard */; };
		C90500241D5EA5360027DBAE /* Assets.xcassets in Resources */ = {isa = PBXBuildFile; fileRef = C90500231D5EA5360027DBAE /* Assets.xcassets */; };
		C90500271D5EA5360027DBAE /* LaunchScreen.storyboard in Resources */ = {isa = PBXBuildFile; fileRef = C90500251D5EA5360027DBAE /* LaunchScreen.storyboard */; };
		C91B0F9B1D5F8CAA00E80A46 /* AddEventViewController.swift in Sources */ = {isa = PBXBuildFile; fileRef = C91B0F9A1D5F8CAA00E80A46 /* AddEventViewController.swift */; };
		C936AD441D61807800602F5A /* Event.swift in Sources */ = {isa = PBXBuildFile; fileRef = C936AD421D61807800602F5A /* Event.swift */; };
		C936AD451D61807800602F5A /* Member.swift in Sources */ = {isa = PBXBuildFile; fileRef = C936AD431D61807800602F5A /* Member.swift */; };
		C949ED101D62A6BE0002E7CD /* Validator.swift in Sources */ = {isa = PBXBuildFile; fileRef = C949ED0F1D62A6BE0002E7CD /* Validator.swift */; };
		C952DCB71D636CFC005D1750 /* EdgePanTransition.swift in Sources */ = {isa = PBXBuildFile; fileRef = C952DCB11D636CFC005D1750 /* EdgePanTransition.swift */; };
		C952DCB81D636CFC005D1750 /* ElasticShapeLayer.swift in Sources */ = {isa = PBXBuildFile; fileRef = C952DCB21D636CFC005D1750 /* ElasticShapeLayer.swift */; };
		C952DCB91D636CFC005D1750 /* ElasticTransition.swift in Sources */ = {isa = PBXBuildFile; fileRef = C952DCB31D636CFC005D1750 /* ElasticTransition.swift */; };
		C952DCBA1D636CFC005D1750 /* ElasticTransitionPresentationController.swift in Sources */ = {isa = PBXBuildFile; fileRef = C952DCB41D636CFC005D1750 /* ElasticTransitionPresentationController.swift */; };
		C952DCBC1D636CFC005D1750 /* Util.swift in Sources */ = {isa = PBXBuildFile; fileRef = C952DCB61D636CFC005D1750 /* Util.swift */; };
		C952DCC51D636D0A005D1750 /* MotionAnimation.swift in Sources */ = {isa = PBXBuildFile; fileRef = C952DCBE1D636D0A005D1750 /* MotionAnimation.swift */; };
		C952DCC61D636D0A005D1750 /* MotionAnimationPropertyState.swift in Sources */ = {isa = PBXBuildFile; fileRef = C952DCBF1D636D0A005D1750 /* MotionAnimationPropertyState.swift */; };
		C952DCC71D636D0A005D1750 /* MotionAnimator.swift in Sources */ = {isa = PBXBuildFile; fileRef = C952DCC01D636D0A005D1750 /* MotionAnimator.swift */; };
		C952DCC81D636D0A005D1750 /* NSObject+MotionAnimation.swift in Sources */ = {isa = PBXBuildFile; fileRef = C952DCC11D636D0A005D1750 /* NSObject+MotionAnimation.swift */; };
		C952DCC91D636D0A005D1750 /* SpringValueAnimation.swift in Sources */ = {isa = PBXBuildFile; fileRef = C952DCC21D636D0A005D1750 /* SpringValueAnimation.swift */; };
		C952DCCA1D636D0A005D1750 /* Types.swift in Sources */ = {isa = PBXBuildFile; fileRef = C952DCC31D636D0A005D1750 /* Types.swift */; };
		C952DCCB1D636D0A005D1750 /* ValueAnimation.swift in Sources */ = {isa = PBXBuildFile; fileRef = C952DCC41D636D0A005D1750 /* ValueAnimation.swift */; };
		C952DCCD1D636DF5005D1750 /* DashboardViewController.swift in Sources */ = {isa = PBXBuildFile; fileRef = C952DCCC1D636DF5005D1750 /* DashboardViewController.swift */; };
		C952DCCF1D637040005D1750 /* ElasticModalViewController.swift in Sources */ = {isa = PBXBuildFile; fileRef = C952DCCE1D637040005D1750 /* ElasticModalViewController.swift */; };
		C952DCD11D637552005D1750 /* TabBarViewController.swift in Sources */ = {isa = PBXBuildFile; fileRef = C952DCD01D637552005D1750 /* TabBarViewController.swift */; };
		C952DCD71D63C01B005D1750 /* DashboardPageViewController.swift in Sources */ = {isa = PBXBuildFile; fileRef = C952DCD61D63C01B005D1750 /* DashboardPageViewController.swift */; };
		C95401A11D5F673000F7AD65 /* SignupViewController.swift in Sources */ = {isa = PBXBuildFile; fileRef = C95401A01D5F673000F7AD65 /* SignupViewController.swift */; };
		C977D2FD1D5EC18B000A7AE5 /* LoginViewController.swift in Sources */ = {isa = PBXBuildFile; fileRef = C977D2FC1D5EC18B000A7AE5 /* LoginViewController.swift */; };
		C97D4D7D1D6005CC00204571 /* EventViewController.swift in Sources */ = {isa = PBXBuildFile; fileRef = C97D4D7C1D6005CC00204571 /* EventViewController.swift */; };
		C97D4D7F1D602AA000204571 /* ScannerViewController.swift in Sources */ = {isa = PBXBuildFile; fileRef = C97D4D7E1D602AA000204571 /* ScannerViewController.swift */; };
		C97D4D851D603AB100204571 /* ScannerTableViewController.swift in Sources */ = {isa = PBXBuildFile; fileRef = C97D4D841D603AB100204571 /* ScannerTableViewController.swift */; };
		C97D4D891D6159B600204571 /* DirectoryViewController.swift in Sources */ = {isa = PBXBuildFile; fileRef = C97D4D881D6159B600204571 /* DirectoryViewController.swift */; };
/* End PBXBuildFile section */

/* Begin PBXFileReference section */
		8E70218A5AB2713E224215E1 /* Pods-check-in.release.xcconfig */ = {isa = PBXFileReference; includeInIndex = 1; lastKnownFileType = text.xcconfig; name = "Pods-check-in.release.xcconfig"; path = "Pods/Target Support Files/Pods-check-in/Pods-check-in.release.xcconfig"; sourceTree = "<group>"; };
		C904DEEE1D63E35F00BAF1F4 /* DashboardCell.swift */ = {isa = PBXFileReference; fileEncoding = 4; lastKnownFileType = sourcecode.swift; path = DashboardCell.swift; sourceTree = "<group>"; };
		C90500171D5EA5360027DBAE /* check-in.app */ = {isa = PBXFileReference; explicitFileType = wrapper.application; includeInIndex = 0; path = "check-in.app"; sourceTree = BUILT_PRODUCTS_DIR; };
		C905001A1D5EA5360027DBAE /* AppDelegate.swift */ = {isa = PBXFileReference; lastKnownFileType = sourcecode.swift; path = AppDelegate.swift; sourceTree = "<group>"; };
		C905001C1D5EA5360027DBAE /* EventsViewController.swift */ = {isa = PBXFileReference; lastKnownFileType = sourcecode.swift; path = EventsViewController.swift; sourceTree = "<group>"; };
		C905001E1D5EA5360027DBAE /* SettingsViewController.swift */ = {isa = PBXFileReference; lastKnownFileType = sourcecode.swift; path = SettingsViewController.swift; sourceTree = "<group>"; };
		C90500211D5EA5360027DBAE /* Base */ = {isa = PBXFileReference; lastKnownFileType = file.storyboard; name = Base; path = Base.lproj/Main.storyboard; sourceTree = "<group>"; };
		C90500231D5EA5360027DBAE /* Assets.xcassets */ = {isa = PBXFileReference; lastKnownFileType = folder.assetcatalog; path = Assets.xcassets; sourceTree = "<group>"; };
		C90500261D5EA5360027DBAE /* Base */ = {isa = PBXFileReference; lastKnownFileType = file.storyboard; name = Base; path = Base.lproj/LaunchScreen.storyboard; sourceTree = "<group>"; };
		C90500281D5EA5360027DBAE /* Info.plist */ = {isa = PBXFileReference; lastKnownFileType = text.plist.xml; path = Info.plist; sourceTree = "<group>"; };
		C91B0F9A1D5F8CAA00E80A46 /* AddEventViewController.swift */ = {isa = PBXFileReference; fileEncoding = 4; lastKnownFileType = sourcecode.swift; path = AddEventViewController.swift; sourceTree = "<group>"; };
		C936AD421D61807800602F5A /* Event.swift */ = {isa = PBXFileReference; fileEncoding = 4; lastKnownFileType = sourcecode.swift; path = Event.swift; sourceTree = "<group>"; };
		C936AD431D61807800602F5A /* Member.swift */ = {isa = PBXFileReference; fileEncoding = 4; lastKnownFileType = sourcecode.swift; path = Member.swift; sourceTree = "<group>"; };
		C949ED0F1D62A6BE0002E7CD /* Validator.swift */ = {isa = PBXFileReference; fileEncoding = 4; lastKnownFileType = sourcecode.swift; name = Validator.swift; path = ../Validator.swift; sourceTree = "<group>"; };
		C952DCB11D636CFC005D1750 /* EdgePanTransition.swift */ = {isa = PBXFileReference; fileEncoding = 4; lastKnownFileType = sourcecode.swift; name = EdgePanTransition.swift; path = ElasticTransition/EdgePanTransition.swift; sourceTree = "<group>"; };
		C952DCB21D636CFC005D1750 /* ElasticShapeLayer.swift */ = {isa = PBXFileReference; fileEncoding = 4; lastKnownFileType = sourcecode.swift; name = ElasticShapeLayer.swift; path = ElasticTransition/ElasticShapeLayer.swift; sourceTree = "<group>"; };
		C952DCB31D636CFC005D1750 /* ElasticTransition.swift */ = {isa = PBXFileReference; fileEncoding = 4; lastKnownFileType = sourcecode.swift; name = ElasticTransition.swift; path = ElasticTransition/ElasticTransition.swift; sourceTree = "<group>"; };
		C952DCB41D636CFC005D1750 /* ElasticTransitionPresentationController.swift */ = {isa = PBXFileReference; fileEncoding = 4; lastKnownFileType = sourcecode.swift; name = ElasticTransitionPresentationController.swift; path = ElasticTransition/ElasticTransitionPresentationController.swift; sourceTree = "<group>"; };
		C952DCB61D636CFC005D1750 /* Util.swift */ = {isa = PBXFileReference; fileEncoding = 4; lastKnownFileType = sourcecode.swift; name = Util.swift; path = ElasticTransition/Util.swift; sourceTree = "<group>"; };
		C952DCBE1D636D0A005D1750 /* MotionAnimation.swift */ = {isa = PBXFileReference; fileEncoding = 4; lastKnownFileType = sourcecode.swift; name = MotionAnimation.swift; path = ElasticTransition/MotionAnimation/MotionAnimation.swift; sourceTree = "<group>"; };
		C952DCBF1D636D0A005D1750 /* MotionAnimationPropertyState.swift */ = {isa = PBXFileReference; fileEncoding = 4; lastKnownFileType = sourcecode.swift; name = MotionAnimationPropertyState.swift; path = ElasticTransition/MotionAnimation/MotionAnimationPropertyState.swift; sourceTree = "<group>"; };
		C952DCC01D636D0A005D1750 /* MotionAnimator.swift */ = {isa = PBXFileReference; fileEncoding = 4; lastKnownFileType = sourcecode.swift; name = MotionAnimator.swift; path = ElasticTransition/MotionAnimation/MotionAnimator.swift; sourceTree = "<group>"; };
		C952DCC11D636D0A005D1750 /* NSObject+MotionAnimation.swift */ = {isa = PBXFileReference; fileEncoding = 4; lastKnownFileType = sourcecode.swift; name = "NSObject+MotionAnimation.swift"; path = "ElasticTransition/MotionAnimation/NSObject+MotionAnimation.swift"; sourceTree = "<group>"; };
		C952DCC21D636D0A005D1750 /* SpringValueAnimation.swift */ = {isa = PBXFileReference; fileEncoding = 4; lastKnownFileType = sourcecode.swift; name = SpringValueAnimation.swift; path = ElasticTransition/MotionAnimation/SpringValueAnimation.swift; sourceTree = "<group>"; };
		C952DCC31D636D0A005D1750 /* Types.swift */ = {isa = PBXFileReference; fileEncoding = 4; lastKnownFileType = sourcecode.swift; name = Types.swift; path = ElasticTransition/MotionAnimation/Types.swift; sourceTree = "<group>"; };
		C952DCC41D636D0A005D1750 /* ValueAnimation.swift */ = {isa = PBXFileReference; fileEncoding = 4; lastKnownFileType = sourcecode.swift; name = ValueAnimation.swift; path = ElasticTransition/MotionAnimation/ValueAnimation.swift; sourceTree = "<group>"; };
		C952DCCC1D636DF5005D1750 /* DashboardViewController.swift */ = {isa = PBXFileReference; fileEncoding = 4; lastKnownFileType = sourcecode.swift; path = DashboardViewController.swift; sourceTree = "<group>"; };
		C952DCCE1D637040005D1750 /* ElasticModalViewController.swift */ = {isa = PBXFileReference; fileEncoding = 4; lastKnownFileType = sourcecode.swift; path = ElasticModalViewController.swift; sourceTree = "<group>"; };
		C952DCD01D637552005D1750 /* TabBarViewController.swift */ = {isa = PBXFileReference; fileEncoding = 4; lastKnownFileType = sourcecode.swift; path = TabBarViewController.swift; sourceTree = "<group>"; };
		C952DCD61D63C01B005D1750 /* DashboardPageViewController.swift */ = {isa = PBXFileReference; fileEncoding = 4; lastKnownFileType = sourcecode.swift; path = DashboardPageViewController.swift; sourceTree = "<group>"; };
		C95401A01D5F673000F7AD65 /* SignupViewController.swift */ = {isa = PBXFileReference; fileEncoding = 4; lastKnownFileType = sourcecode.swift; path = SignupViewController.swift; sourceTree = "<group>"; };
		C977D2FB1D5EBE2A000A7AE5 /* check-in-Bridging-Header.h */ = {isa = PBXFileReference; lastKnownFileType = sourcecode.c.h; path = "check-in-Bridging-Header.h"; sourceTree = "<group>"; };
		C977D2FC1D5EC18B000A7AE5 /* LoginViewController.swift */ = {isa = PBXFileReference; fileEncoding = 4; lastKnownFileType = sourcecode.swift; path = LoginViewController.swift; sourceTree = "<group>"; };
		C97D4D7C1D6005CC00204571 /* EventViewController.swift */ = {isa = PBXFileReference; fileEncoding = 4; lastKnownFileType = sourcecode.swift; path = EventViewController.swift; sourceTree = "<group>"; };
		C97D4D7E1D602AA000204571 /* ScannerViewController.swift */ = {isa = PBXFileReference; fileEncoding = 4; lastKnownFileType = sourcecode.swift; path = ScannerViewController.swift; sourceTree = "<group>"; };
		C97D4D841D603AB100204571 /* ScannerTableViewController.swift */ = {isa = PBXFileReference; fileEncoding = 4; lastKnownFileType = sourcecode.swift; path = ScannerTableViewController.swift; sourceTree = "<group>"; };
		C97D4D881D6159B600204571 /* DirectoryViewController.swift */ = {isa = PBXFileReference; fileEncoding = 4; lastKnownFileType = sourcecode.swift; path = DirectoryViewController.swift; sourceTree = "<group>"; };
		DA66A4E1E1E5DF35B7B7C87A /* Pods-check-in.debug.xcconfig */ = {isa = PBXFileReference; includeInIndex = 1; lastKnownFileType = text.xcconfig; name = "Pods-check-in.debug.xcconfig"; path = "Pods/Target Support Files/Pods-check-in/Pods-check-in.debug.xcconfig"; sourceTree = "<group>"; };
		EE428BBEF5628CA19D76493D /* Pods_check_in.framework */ = {isa = PBXFileReference; explicitFileType = wrapper.framework; includeInIndex = 0; path = Pods_check_in.framework; sourceTree = BUILT_PRODUCTS_DIR; };
/* End PBXFileReference section */

/* Begin PBXFrameworksBuildPhase section */
		C90500141D5EA5360027DBAE /* Frameworks */ = {
			isa = PBXFrameworksBuildPhase;
			buildActionMask = 2147483647;
			files = (
				1A75A8ED69F6255A8535172F /* Pods_check_in.framework in Frameworks */,
			);
			runOnlyForDeploymentPostprocessing = 0;
		};
/* End PBXFrameworksBuildPhase section */

/* Begin PBXGroup section */
		4CA064FF43587E98C81D30DC /* Frameworks */ = {
			isa = PBXGroup;
			children = (
				EE428BBEF5628CA19D76493D /* Pods_check_in.framework */,
			);
			name = Frameworks;
			sourceTree = "<group>";
		};
		C905000E1D5EA5360027DBAE = {
			isa = PBXGroup;
			children = (
				C90500191D5EA5360027DBAE /* check-in */,
				C90500181D5EA5360027DBAE /* Products */,
				FDD3507CE03A4B4B8D33A1C4 /* Pods */,
				4CA064FF43587E98C81D30DC /* Frameworks */,
			);
			sourceTree = "<group>";
		};
		C90500181D5EA5360027DBAE /* Products */ = {
			isa = PBXGroup;
			children = (
				C90500171D5EA5360027DBAE /* check-in.app */,
			);
			name = Products;
			sourceTree = "<group>";
		};
		C90500191D5EA5360027DBAE /* check-in */ = {
			isa = PBXGroup;
			children = (
				C952DCB01D636CF1005D1750 /* ElasticTransition */,
				C936AD421D61807800602F5A /* Event.swift */,
				C936AD431D61807800602F5A /* Member.swift */,
				C905001A1D5EA5360027DBAE /* AppDelegate.swift */,
				C91B0F9A1D5F8CAA00E80A46 /* AddEventViewController.swift */,
				C97D4D7C1D6005CC00204571 /* EventViewController.swift */,
				C905001C1D5EA5360027DBAE /* EventsViewController.swift */,
				C904DEEE1D63E35F00BAF1F4 /* DashboardCell.swift */,
				C952DCCC1D636DF5005D1750 /* DashboardViewController.swift */,
				C952DCD61D63C01B005D1750 /* DashboardPageViewController.swift */,
				C97D4D881D6159B600204571 /* DirectoryViewController.swift */,
				C97D4D7E1D602AA000204571 /* ScannerViewController.swift */,
				C97D4D841D603AB100204571 /* ScannerTableViewController.swift */,
				C905001E1D5EA5360027DBAE /* SettingsViewController.swift */,
				C952DCD01D637552005D1750 /* TabBarViewController.swift */,
				C977D2FC1D5EC18B000A7AE5 /* LoginViewController.swift */,
				C95401A01D5F673000F7AD65 /* SignupViewController.swift */,
				C949ED0F1D62A6BE0002E7CD /* Validator.swift */,
				C90500201D5EA5360027DBAE /* Main.storyboard */,
				C90500231D5EA5360027DBAE /* Assets.xcassets */,
				C90500251D5EA5360027DBAE /* LaunchScreen.storyboard */,
				C90500281D5EA5360027DBAE /* Info.plist */,
				C977D2FB1D5EBE2A000A7AE5 /* check-in-Bridging-Header.h */,
			);
			path = "check-in";
			sourceTree = "<group>";
		};
		C952DCB01D636CF1005D1750 /* ElasticTransition */ = {
			isa = PBXGroup;
			children = (
				C952DCCE1D637040005D1750 /* ElasticModalViewController.swift */,
				C952DCBD1D636CFE005D1750 /* MotionAnimation */,
				C952DCB11D636CFC005D1750 /* EdgePanTransition.swift */,
				C952DCB21D636CFC005D1750 /* ElasticShapeLayer.swift */,
				C952DCB31D636CFC005D1750 /* ElasticTransition.swift */,
				C952DCB41D636CFC005D1750 /* ElasticTransitionPresentationController.swift */,
				C952DCB61D636CFC005D1750 /* Util.swift */,
			);
			name = ElasticTransition;
			sourceTree = "<group>";
		};
		C952DCBD1D636CFE005D1750 /* MotionAnimation */ = {
			isa = PBXGroup;
			children = (
				C952DCBE1D636D0A005D1750 /* MotionAnimation.swift */,
				C952DCBF1D636D0A005D1750 /* MotionAnimationPropertyState.swift */,
				C952DCC01D636D0A005D1750 /* MotionAnimator.swift */,
				C952DCC11D636D0A005D1750 /* NSObject+MotionAnimation.swift */,
				C952DCC21D636D0A005D1750 /* SpringValueAnimation.swift */,
				C952DCC31D636D0A005D1750 /* Types.swift */,
				C952DCC41D636D0A005D1750 /* ValueAnimation.swift */,
			);
			name = MotionAnimation;
			sourceTree = "<group>";
		};
		FDD3507CE03A4B4B8D33A1C4 /* Pods */ = {
			isa = PBXGroup;
			children = (
				8E70218A5AB2713E224215E1 /* Pods-check-in.release.xcconfig */,
				DA66A4E1E1E5DF35B7B7C87A /* Pods-check-in.debug.xcconfig */,
			);
			name = Pods;
			sourceTree = "<group>";
		};
/* End PBXGroup section */

/* Begin PBXNativeTarget section */
		C90500161D5EA5360027DBAE /* check-in */ = {
			isa = PBXNativeTarget;
			buildConfigurationList = C905002B1D5EA5360027DBAE /* Build configuration list for PBXNativeTarget "check-in" */;
			buildPhases = (
				FC9CA6D6073754EEC53ECF8E /* [CP] Check Pods Manifest.lock */,
				C90500131D5EA5360027DBAE /* Sources */,
				C90500141D5EA5360027DBAE /* Frameworks */,
				C90500151D5EA5360027DBAE /* Resources */,
				BEF2C0FF37A9BF4A39431CF1 /* [CP] Embed Pods Frameworks */,
				15BEFF0E4A75907AD22060BF /* [CP] Copy Pods Resources */,
			);
			buildRules = (
			);
			dependencies = (
			);
			name = "check-in";
			productName = "check-in";
			productReference = C90500171D5EA5360027DBAE /* check-in.app */;
			productType = "com.apple.product-type.application";
		};
/* End PBXNativeTarget section */

/* Begin PBXProject section */
		C905000F1D5EA5360027DBAE /* Project object */ = {
			isa = PBXProject;
			attributes = {
				LastSwiftUpdateCheck = 0800;
				LastUpgradeCheck = 0800;
				ORGANIZATIONNAME = "Matt Garnett";
				TargetAttributes = {
					C90500161D5EA5360027DBAE = {
						CreatedOnToolsVersion = 8.0;
						DevelopmentTeam = G7UGV2H9R6;
						DevelopmentTeamName = "Matt Garnett";
						ProvisioningStyle = Automatic;
					};
				};
			};
			buildConfigurationList = C90500121D5EA5360027DBAE /* Build configuration list for PBXProject "check-in" */;
			compatibilityVersion = "Xcode 3.2";
			developmentRegion = English;
			hasScannedForEncodings = 0;
			knownRegions = (
				en,
				Base,
			);
			mainGroup = C905000E1D5EA5360027DBAE;
			productRefGroup = C90500181D5EA5360027DBAE /* Products */;
			projectDirPath = "";
			projectRoot = "";
			targets = (
				C90500161D5EA5360027DBAE /* check-in */,
			);
		};
/* End PBXProject section */

/* Begin PBXResourcesBuildPhase section */
		C90500151D5EA5360027DBAE /* Resources */ = {
			isa = PBXResourcesBuildPhase;
			buildActionMask = 2147483647;
			files = (
				C90500271D5EA5360027DBAE /* LaunchScreen.storyboard in Resources */,
				C90500241D5EA5360027DBAE /* Assets.xcassets in Resources */,
				C90500221D5EA5360027DBAE /* Main.storyboard in Resources */,
			);
			runOnlyForDeploymentPostprocessing = 0;
		};
/* End PBXResourcesBuildPhase section */

/* Begin PBXShellScriptBuildPhase section */
		15BEFF0E4A75907AD22060BF /* [CP] Copy Pods Resources */ = {
			isa = PBXShellScriptBuildPhase;
			buildActionMask = 2147483647;
			files = (
			);
			inputPaths = (
			);
			name = "[CP] Copy Pods Resources";
			outputPaths = (
			);
			runOnlyForDeploymentPostprocessing = 0;
			shellPath = /bin/sh;
			shellScript = "\"${SRCROOT}/Pods/Target Support Files/Pods-check-in/Pods-check-in-resources.sh\"\n";
			showEnvVarsInLog = 0;
		};
		BEF2C0FF37A9BF4A39431CF1 /* [CP] Embed Pods Frameworks */ = {
			isa = PBXShellScriptBuildPhase;
			buildActionMask = 2147483647;
			files = (
			);
			inputPaths = (
			);
			name = "[CP] Embed Pods Frameworks";
			outputPaths = (
			);
			runOnlyForDeploymentPostprocessing = 0;
			shellPath = /bin/sh;
			shellScript = "\"${SRCROOT}/Pods/Target Support Files/Pods-check-in/Pods-check-in-frameworks.sh\"\n";
			showEnvVarsInLog = 0;
		};
		FC9CA6D6073754EEC53ECF8E /* [CP] Check Pods Manifest.lock */ = {
			isa = PBXShellScriptBuildPhase;
			buildActionMask = 2147483647;
			files = (
			);
			inputPaths = (
			);
			name = "[CP] Check Pods Manifest.lock";
			outputPaths = (
			);
			runOnlyForDeploymentPostprocessing = 0;
			shellPath = /bin/sh;
			shellScript = "diff \"${PODS_ROOT}/../Podfile.lock\" \"${PODS_ROOT}/Manifest.lock\" > /dev/null\nif [[ $? != 0 ]] ; then\n    cat << EOM\nerror: The sandbox is not in sync with the Podfile.lock. Run 'pod install' or update your CocoaPods installation.\nEOM\n    exit 1\nfi\n";
			showEnvVarsInLog = 0;
		};
/* End PBXShellScriptBuildPhase section */

/* Begin PBXSourcesBuildPhase section */
		C90500131D5EA5360027DBAE /* Sources */ = {
			isa = PBXSourcesBuildPhase;
			buildActionMask = 2147483647;
			files = (
				C95401A11D5F673000F7AD65 /* SignupViewController.swift in Sources */,
				C936AD441D61807800602F5A /* Event.swift in Sources */,
				C952DCB91D636CFC005D1750 /* ElasticTransition.swift in Sources */,
				C97D4D851D603AB100204571 /* ScannerTableViewController.swift in Sources */,
				C952DCD11D637552005D1750 /* TabBarViewController.swift in Sources */,
				C952DCD71D63C01B005D1750 /* DashboardPageViewController.swift in Sources */,
				C952DCC91D636D0A005D1750 /* SpringValueAnimation.swift in Sources */,
				C91B0F9B1D5F8CAA00E80A46 /* AddEventViewController.swift in Sources */,
				C952DCC71D636D0A005D1750 /* MotionAnimator.swift in Sources */,
				C952DCCD1D636DF5005D1750 /* DashboardViewController.swift in Sources */,
				C904DEEF1D63E35F00BAF1F4 /* DashboardCell.swift in Sources */,
				C952DCCA1D636D0A005D1750 /* Types.swift in Sources */,
				C949ED101D62A6BE0002E7CD /* Validator.swift in Sources */,
				C952DCCB1D636D0A005D1750 /* ValueAnimation.swift in Sources */,
				C905001F1D5EA5360027DBAE /* SettingsViewController.swift in Sources */,
				C952DCBA1D636CFC005D1750 /* ElasticTransitionPresentationController.swift in Sources */,
				C952DCC81D636D0A005D1750 /* NSObject+MotionAnimation.swift in Sources */,
				C905001B1D5EA5360027DBAE /* AppDelegate.swift in Sources */,
				C952DCC51D636D0A005D1750 /* MotionAnimation.swift in Sources */,
				C97D4D7D1D6005CC00204571 /* EventViewController.swift in Sources */,
				C936AD451D61807800602F5A /* Member.swift in Sources */,
				C952DCBC1D636CFC005D1750 /* Util.swift in Sources */,
				C952DCB71D636CFC005D1750 /* EdgePanTransition.swift in Sources */,
				C952DCCF1D637040005D1750 /* ElasticModalViewController.swift in Sources */,
				C977D2FD1D5EC18B000A7AE5 /* LoginViewController.swift in Sources */,
				C97D4D891D6159B600204571 /* DirectoryViewController.swift in Sources */,
				C952DCC61D636D0A005D1750 /* MotionAnimationPropertyState.swift in Sources */,
				C952DCB81D636CFC005D1750 /* ElasticShapeLayer.swift in Sources */,
				C905001D1D5EA5360027DBAE /* EventsViewController.swift in Sources */,
				C97D4D7F1D602AA000204571 /* ScannerViewController.swift in Sources */,
			);
			runOnlyForDeploymentPostprocessing = 0;
		};
/* End PBXSourcesBuildPhase section */

/* Begin PBXVariantGroup section */
		C90500201D5EA5360027DBAE /* Main.storyboard */ = {
			isa = PBXVariantGroup;
			children = (
				C90500211D5EA5360027DBAE /* Base */,
			);
			name = Main.storyboard;
			sourceTree = "<group>";
		};
		C90500251D5EA5360027DBAE /* LaunchScreen.storyboard */ = {
			isa = PBXVariantGroup;
			children = (
				C90500261D5EA5360027DBAE /* Base */,
			);
			name = LaunchScreen.storyboard;
			sourceTree = "<group>";
		};
/* End PBXVariantGroup section */

/* Begin XCBuildConfiguration section */
		C90500291D5EA5360027DBAE /* Debug */ = {
			isa = XCBuildConfiguration;
			buildSettings = {
				ALWAYS_SEARCH_USER_PATHS = NO;
				CLANG_ANALYZER_NONNULL = YES;
				CLANG_CXX_LANGUAGE_STANDARD = "gnu++0x";
				CLANG_CXX_LIBRARY = "libc++";
				CLANG_ENABLE_MODULES = YES;
				CLANG_ENABLE_OBJC_ARC = YES;
				CLANG_WARN_BOOL_CONVERSION = YES;
				CLANG_WARN_CONSTANT_CONVERSION = YES;
				CLANG_WARN_DIRECT_OBJC_ISA_USAGE = YES_ERROR;
				CLANG_WARN_DOCUMENTATION_COMMENTS = YES;
				CLANG_WARN_EMPTY_BODY = YES;
				CLANG_WARN_ENUM_CONVERSION = YES;
				CLANG_WARN_INFINITE_RECURSION = YES;
				CLANG_WARN_INT_CONVERSION = YES;
				CLANG_WARN_OBJC_ROOT_CLASS = YES_ERROR;
				CLANG_WARN_SUSPICIOUS_MOVE = YES;
				CLANG_WARN_UNREACHABLE_CODE = YES;
				CLANG_WARN__DUPLICATE_METHOD_MATCH = YES;
				"CODE_SIGN_IDENTITY[sdk=iphoneos*]" = "iPhone Developer";
				COPY_PHASE_STRIP = NO;
				DEBUG_INFORMATION_FORMAT = dwarf;
				ENABLE_STRICT_OBJC_MSGSEND = YES;
				ENABLE_TESTABILITY = YES;
				GCC_C_LANGUAGE_STANDARD = gnu99;
				GCC_DYNAMIC_NO_PIC = NO;
				GCC_NO_COMMON_BLOCKS = YES;
				GCC_OPTIMIZATION_LEVEL = 0;
				GCC_PREPROCESSOR_DEFINITIONS = (
					"DEBUG=1",
					"$(inherited)",
				);
				GCC_WARN_64_TO_32_BIT_CONVERSION = YES;
				GCC_WARN_ABOUT_RETURN_TYPE = YES_ERROR;
				GCC_WARN_UNDECLARED_SELECTOR = YES;
				GCC_WARN_UNINITIALIZED_AUTOS = YES_AGGRESSIVE;
				GCC_WARN_UNUSED_FUNCTION = YES;
				GCC_WARN_UNUSED_VARIABLE = YES;
				IPHONEOS_DEPLOYMENT_TARGET = 10.0;
				MTL_ENABLE_DEBUG_INFO = YES;
				ONLY_ACTIVE_ARCH = YES;
				SDKROOT = iphoneos;
				SWIFT_ACTIVE_COMPILATION_CONDITIONS = DEBUG;
				SWIFT_OPTIMIZATION_LEVEL = "-Onone";
				TARGETED_DEVICE_FAMILY = "1,2";
			};
			name = Debug;
		};
		C905002A1D5EA5360027DBAE /* Release */ = {
			isa = XCBuildConfiguration;
			buildSettings = {
				ALWAYS_SEARCH_USER_PATHS = NO;
				CLANG_ANALYZER_NONNULL = YES;
				CLANG_CXX_LANGUAGE_STANDARD = "gnu++0x";
				CLANG_CXX_LIBRARY = "libc++";
				CLANG_ENABLE_MODULES = YES;
				CLANG_ENABLE_OBJC_ARC = YES;
				CLANG_WARN_BOOL_CONVERSION = YES;
				CLANG_WARN_CONSTANT_CONVERSION = YES;
				CLANG_WARN_DIRECT_OBJC_ISA_USAGE = YES_ERROR;
				CLANG_WARN_DOCUMENTATION_COMMENTS = YES;
				CLANG_WARN_EMPTY_BODY = YES;
				CLANG_WARN_ENUM_CONVERSION = YES;
				CLANG_WARN_INFINITE_RECURSION = YES;
				CLANG_WARN_INT_CONVERSION = YES;
				CLANG_WARN_OBJC_ROOT_CLASS = YES_ERROR;
				CLANG_WARN_SUSPICIOUS_MOVE = YES;
				CLANG_WARN_UNREACHABLE_CODE = YES;
				CLANG_WARN__DUPLICATE_METHOD_MATCH = YES;
				"CODE_SIGN_IDENTITY[sdk=iphoneos*]" = "iPhone Developer";
				COPY_PHASE_STRIP = NO;
				DEBUG_INFORMATION_FORMAT = "dwarf-with-dsym";
				ENABLE_NS_ASSERTIONS = NO;
				ENABLE_STRICT_OBJC_MSGSEND = YES;
				GCC_C_LANGUAGE_STANDARD = gnu99;
				GCC_NO_COMMON_BLOCKS = YES;
				GCC_WARN_64_TO_32_BIT_CONVERSION = YES;
				GCC_WARN_ABOUT_RETURN_TYPE = YES_ERROR;
				GCC_WARN_UNDECLARED_SELECTOR = YES;
				GCC_WARN_UNINITIALIZED_AUTOS = YES_AGGRESSIVE;
				GCC_WARN_UNUSED_FUNCTION = YES;
				GCC_WARN_UNUSED_VARIABLE = YES;
				IPHONEOS_DEPLOYMENT_TARGET = 10.0;
				MTL_ENABLE_DEBUG_INFO = NO;
				SDKROOT = iphoneos;
				SWIFT_OPTIMIZATION_LEVEL = "-Owholemodule";
				TARGETED_DEVICE_FAMILY = "1,2";
				VALIDATE_PRODUCT = YES;
			};
			name = Release;
		};
		C905002C1D5EA5360027DBAE /* Debug */ = {
			isa = XCBuildConfiguration;
			baseConfigurationReference = DA66A4E1E1E5DF35B7B7C87A /* Pods-check-in.debug.xcconfig */;
			buildSettings = {
				ALWAYS_EMBED_SWIFT_STANDARD_LIBRARIES = YES;
				ASSETCATALOG_COMPILER_APPICON_NAME = AppIcon;
				INFOPLIST_FILE = "check-in/Info.plist";
				LD_RUNPATH_SEARCH_PATHS = "$(inherited) @executable_path/Frameworks";
				PRODUCT_BUNDLE_IDENTIFIER = "com.mg.check-in";
				PRODUCT_NAME = "$(TARGET_NAME)";
				SWIFT_OBJC_BRIDGING_HEADER = "check-in/check-in-Bridging-Header.h";
				SWIFT_VERSION = 3.0;
			};
			name = Debug;
		};
		C905002D1D5EA5360027DBAE /* Release */ = {
			isa = XCBuildConfiguration;
			baseConfigurationReference = 8E70218A5AB2713E224215E1 /* Pods-check-in.release.xcconfig */;
			buildSettings = {
				ALWAYS_EMBED_SWIFT_STANDARD_LIBRARIES = YES;
				ASSETCATALOG_COMPILER_APPICON_NAME = AppIcon;
				INFOPLIST_FILE = "check-in/Info.plist";
				LD_RUNPATH_SEARCH_PATHS = "$(inherited) @executable_path/Frameworks";
				PRODUCT_BUNDLE_IDENTIFIER = "com.mg.check-in";
				PRODUCT_NAME = "$(TARGET_NAME)";
				SWIFT_OBJC_BRIDGING_HEADER = "check-in/check-in-Bridging-Header.h";
				SWIFT_VERSION = 3.0;
			};
			name = Release;
		};
/* End XCBuildConfiguration section */

/* Begin XCConfigurationList section */
		C90500121D5EA5360027DBAE /* Build configuration list for PBXProject "check-in" */ = {
			isa = XCConfigurationList;
			buildConfigurations = (
				C90500291D5EA5360027DBAE /* Debug */,
				C905002A1D5EA5360027DBAE /* Release */,
			);
			defaultConfigurationIsVisible = 0;
			defaultConfigurationName = Release;
		};
		C905002B1D5EA5360027DBAE /* Build configuration list for PBXNativeTarget "check-in" */ = {
			isa = XCConfigurationList;
			buildConfigurations = (
				C905002C1D5EA5360027DBAE /* Debug */,
				C905002D1D5EA5360027DBAE /* Release */,
			);
			defaultConfigurationIsVisible = 0;
			defaultConfigurationName = Release;
		};
/* End XCConfigurationList section */
	};
	rootObject = C905000F1D5EA5360027DBAE /* Project object */;
}
